
Microsoft Visual Studio Solution File, Format Version 12.00
# Visual Studio Version 17
VisualStudioVersion = 17.0.32126.317
MinimumVisualStudioVersion = 10.0.40219.1
Project("{FAE04EC0-301F-11D3-BF4B-00C04F79EFBC}") = "LunaSonar", "LunaSonar\LunaSonar.csproj", "{CD24840B-2B75-4C77-B4F5-AD7195726F69}"
EndProject
Project("{FAE04EC0-301F-11D3-BF4B-00C04F79EFBC}") = "LunaSonar.Core", "LunaSonar.Core\LunaSonar.Core.csproj", "{545B16DC-8944-4EA0-8F28-B086CD83E9E2}"
EndProject
Global
	GlobalSection(SolutionConfigurationPlatforms) = preSolution
		Debug|Any CPU = Debug|Any CPU
		Release|Any CPU = Release|Any CPU
	EndGlobalSection
	GlobalSection(ProjectConfigurationPlatforms) = postSolution
		{CD24840B-2B75-4C77-B4F5-AD7195726F69}.Debug|Any CPU.ActiveCfg = Debug|Any CPU
		{CD24840B-2B75-4C77-B4F5-AD7195726F69}.Debug|Any CPU.Build.0 = Debug|Any CPU
		{CD24840B-2B75-4C77-B4F5-AD7195726F69}.Release|Any CPU.ActiveCfg = Release|Any CPU
		{CD24840B-2B75-4C77-B4F5-AD7195726F69}.Release|Any CPU.Build.0 = Release|Any CPU
		{545B16DC-8944-4EA0-8F28-B086CD83E9E2}.Debug|Any CPU.ActiveCfg = Debug|Any CPU
		{545B16DC-8944-4EA0-8F28-B086CD83E9E2}.Debug|Any CPU.Build.0 = Debug|Any CPU
		{545B16DC-8944-4EA0-8F28-B086CD83E9E2}.Release|Any CPU.ActiveCfg = Release|Any CPU
		{545B16DC-8944-4EA0-8F28-B086CD83E9E2}.Release|Any CPU.Build.0 = Release|Any CPU
	EndGlobalSection
	GlobalSection(SolutionProperties) = preSolution
		HideSolutionNode = FALSE
	EndGlobalSection
	GlobalSection(ExtensibilityGlobals) = postSolution
		SolutionGuid = {AD00B22C-3279-43DC-8D7F-CAEA307F4A48}
	EndGlobalSection
EndGlobal
